// !$*UTF8*$!
{
	archiveVersion = 1;
	classes = {
	};
	objectVersion = 51;
	objects = {

/* Begin PBXBuildFile section */
		0446688E24C96B8C00C3F4AC /* AppDelegate.swift in Sources */ = {isa = PBXBuildFile; fileRef = 0446688D24C96B8C00C3F4AC /* AppDelegate.swift */; };
		0446689224C96B8C00C3F4AC /* LoginViewController.swift in Sources */ = {isa = PBXBuildFile; fileRef = 0446689124C96B8C00C3F4AC /* LoginViewController.swift */; };
		0446689524C96B8C00C3F4AC /* Main.storyboard in Resources */ = {isa = PBXBuildFile; fileRef = 0446689324C96B8C00C3F4AC /* Main.storyboard */; };
		0446689724C96B8F00C3F4AC /* Assets.xcassets in Resources */ = {isa = PBXBuildFile; fileRef = 0446689624C96B8F00C3F4AC /* Assets.xcassets */; };
		0446689A24C96B8F00C3F4AC /* LaunchScreen.storyboard in Resources */ = {isa = PBXBuildFile; fileRef = 0446689824C96B8F00C3F4AC /* LaunchScreen.storyboard */; };
		044668A424C9727E00C3F4AC /* TasksViewController.swift in Sources */ = {isa = PBXBuildFile; fileRef = 044668A324C9727E00C3F4AC /* TasksViewController.swift */; };
		044668AA24C97AB600C3F4AC /* GoogleService-Info.plist in Resources */ = {isa = PBXBuildFile; fileRef = 044668A924C97AB600C3F4AC /* GoogleService-Info.plist */; };
		044668AC24C9EF5A00C3F4AC /* Task.swift in Sources */ = {isa = PBXBuildFile; fileRef = 044668AB24C9EF5A00C3F4AC /* Task.swift */; };
		044668AE24C9EF6200C3F4AC /* User.swift in Sources */ = {isa = PBXBuildFile; fileRef = 044668AD24C9EF6200C3F4AC /* User.swift */; };
		CDC26FBC06C2A9F7DE823EB0 /* Pods_ToDoFire.framework in Frameworks */ = {isa = PBXBuildFile; fileRef = 188CA3A3CD8452111BAA77DC /* Pods_ToDoFire.framework */; };
/* End PBXBuildFile section */

/* Begin PBXFileReference section */
		0446688A24C96B8C00C3F4AC /* ToDoFire.app */ = {isa = PBXFileReference; explicitFileType = wrapper.application; includeInIndex = 0; path = ToDoFire.app; sourceTree = BUILT_PRODUCTS_DIR; };
		0446688D24C96B8C00C3F4AC /* AppDelegate.swift */ = {isa = PBXFileReference; lastKnownFileType = sourcecode.swift; path = AppDelegate.swift; sourceTree = "<group>"; };
		0446689124C96B8C00C3F4AC /* LoginViewController.swift */ = {isa = PBXFileReference; lastKnownFileType = sourcecode.swift; path = LoginViewController.swift; sourceTree = "<group>"; };
		0446689424C96B8C00C3F4AC /* Base */ = {isa = PBXFileReference; lastKnownFileType = file.storyboard; name = Base; path = Base.lproj/Main.storyboard; sourceTree = "<group>"; };
		0446689624C96B8F00C3F4AC /* Assets.xcassets */ = {isa = PBXFileReference; lastKnownFileType = folder.assetcatalog; path = Assets.xcassets; sourceTree = "<group>"; };
		0446689924C96B8F00C3F4AC /* Base */ = {isa = PBXFileReference; lastKnownFileType = file.storyboard; name = Base; path = Base.lproj/LaunchScreen.storyboard; sourceTree = "<group>"; };
		0446689B24C96B8F00C3F4AC /* Info.plist */ = {isa = PBXFileReference; lastKnownFileType = text.plist.xml; path = Info.plist; sourceTree = "<group>"; };
		044668A324C9727E00C3F4AC /* TasksViewController.swift */ = {isa = PBXFileReference; lastKnownFileType = sourcecode.swift; path = TasksViewController.swift; sourceTree = "<group>"; };
		044668A924C97AB600C3F4AC /* GoogleService-Info.plist */ = {isa = PBXFileReference; fileEncoding = 4; lastKnownFileType = text.plist.xml; path = "GoogleService-Info.plist"; sourceTree = "<group>"; };
		044668AB24C9EF5A00C3F4AC /* Task.swift */ = {isa = PBXFileReference; lastKnownFileType = sourcecode.swift; path = Task.swift; sourceTree = "<group>"; };
		044668AD24C9EF6200C3F4AC /* User.swift */ = {isa = PBXFileReference; lastKnownFileType = sourcecode.swift; path = User.swift; sourceTree = "<group>"; };
		188CA3A3CD8452111BAA77DC /* Pods_ToDoFire.framework */ = {isa = PBXFileReference; explicitFileType = wrapper.framework; includeInIndex = 0; path = Pods_ToDoFire.framework; sourceTree = BUILT_PRODUCTS_DIR; };
		C75BB4A999950BD1E584C147 /* Pods-ToDoFire.release.xcconfig */ = {isa = PBXFileReference; includeInIndex = 1; lastKnownFileType = text.xcconfig; name = "Pods-ToDoFire.release.xcconfig"; path = "Target Support Files/Pods-ToDoFire/Pods-ToDoFire.release.xcconfig"; sourceTree = "<group>"; };
		E129F65B3F11CB3C7CF1DC3D /* Pods-ToDoFire.debug.xcconfig */ = {isa = PBXFileReference; includeInIndex = 1; lastKnownFileType = text.xcconfig; name = "Pods-ToDoFire.debug.xcconfig"; path = "Target Support Files/Pods-ToDoFire/Pods-ToDoFire.debug.xcconfig"; sourceTree = "<group>"; };
/* End PBXFileReference section */

/* Begin PBXFrameworksBuildPhase section */
		0446688724C96B8C00C3F4AC /* Frameworks */ = {
			isa = PBXFrameworksBuildPhase;
			buildActionMask = 2147483647;
			files = (
				CDC26FBC06C2A9F7DE823EB0 /* Pods_ToDoFire.framework in Frameworks */,
			);
			runOnlyForDeploymentPostprocessing = 0;
		};
/* End PBXFrameworksBuildPhase section */

/* Begin PBXGroup section */
		0446688124C96B8C00C3F4AC = {
			isa = PBXGroup;
			children = (
				0446688C24C96B8C00C3F4AC /* ToDoFire */,
				0446688B24C96B8C00C3F4AC /* Products */,
				34020BF27215C3A2D228B45A /* Pods */,
				6E52F6B8C5048CCD470D004F /* Frameworks */,
			);
			sourceTree = "<group>";
		};
		0446688B24C96B8C00C3F4AC /* Products */ = {
			isa = PBXGroup;
			children = (
				0446688A24C96B8C00C3F4AC /* ToDoFire.app */,
			);
			name = Products;
			sourceTree = "<group>";
		};
		0446688C24C96B8C00C3F4AC /* ToDoFire */ = {
			isa = PBXGroup;
			children = (
				044668A524C9752700C3F4AC /* Models */,
				044668A624C9752F00C3F4AC /* View */,
				044668A724C9753D00C3F4AC /* Controllers */,
				044668A824C9755E00C3F4AC /* SupportingFiles */,
			);
			path = ToDoFire;
			sourceTree = "<group>";
		};
		044668A524C9752700C3F4AC /* Models */ = {
			isa = PBXGroup;
			children = (
				044668AB24C9EF5A00C3F4AC /* Task.swift */,
				044668AD24C9EF6200C3F4AC /* User.swift */,
			);
			path = Models;
			sourceTree = "<group>";
		};
		044668A624C9752F00C3F4AC /* View */ = {
			isa = PBXGroup;
			children = (
				0446689324C96B8C00C3F4AC /* Main.storyboard */,
				0446689824C96B8F00C3F4AC /* LaunchScreen.storyboard */,
			);
			path = View;
			sourceTree = "<group>";
		};
		044668A724C9753D00C3F4AC /* Controllers */ = {
			isa = PBXGroup;
			children = (
				0446689124C96B8C00C3F4AC /* LoginViewController.swift */,
				044668A324C9727E00C3F4AC /* TasksViewController.swift */,
			);
			path = Controllers;
			sourceTree = "<group>";
		};
		044668A824C9755E00C3F4AC /* SupportingFiles */ = {
			isa = PBXGroup;
			children = (
				0446688D24C96B8C00C3F4AC /* AppDelegate.swift */,
				0446689624C96B8F00C3F4AC /* Assets.xcassets */,
				0446689B24C96B8F00C3F4AC /* Info.plist */,
				044668A924C97AB600C3F4AC /* GoogleService-Info.plist */,
			);
			path = SupportingFiles;
			sourceTree = "<group>";
		};
		34020BF27215C3A2D228B45A /* Pods */ = {
			isa = PBXGroup;
			children = (
				E129F65B3F11CB3C7CF1DC3D /* Pods-ToDoFire.debug.xcconfig */,
				C75BB4A999950BD1E584C147 /* Pods-ToDoFire.release.xcconfig */,
			);
			path = Pods;
			sourceTree = "<group>";
		};
		6E52F6B8C5048CCD470D004F /* Frameworks */ = {
			isa = PBXGroup;
			children = (
				188CA3A3CD8452111BAA77DC /* Pods_ToDoFire.framework */,
			);
			name = Frameworks;
			sourceTree = "<group>";
		};
/* End PBXGroup section */

/* Begin PBXNativeTarget section */
		0446688924C96B8C00C3F4AC /* ToDoFire */ = {
			isa = PBXNativeTarget;
			buildConfigurationList = 0446689E24C96B8F00C3F4AC /* Build configuration list for PBXNativeTarget "ToDoFire" */;
			buildPhases = (
				4D234907BDEDE39AE9E670E8 /* [CP] Check Pods Manifest.lock */,
				0446688624C96B8C00C3F4AC /* Sources */,
				0446688724C96B8C00C3F4AC /* Frameworks */,
				0446688824C96B8C00C3F4AC /* Resources */,
				B870D6E19B4208E5AF69D15E /* [CP] Embed Pods Frameworks */,
			);
			buildRules = (
			);
			dependencies = (
			);
			name = ToDoFire;
			productName = ToDoFire;
			productReference = 0446688A24C96B8C00C3F4AC /* ToDoFire.app */;
			productType = "com.apple.product-type.application";
		};
/* End PBXNativeTarget section */

/* Begin PBXProject section */
		0446688224C96B8C00C3F4AC /* Project object */ = {
			isa = PBXProject;
			attributes = {
				LastSwiftUpdateCheck = 1160;
				LastUpgradeCheck = 1160;
				ORGANIZATIONNAME = "Aleksandr Balabon";
				TargetAttributes = {
					0446688924C96B8C00C3F4AC = {
						CreatedOnToolsVersion = 11.6;
					};
				};
			};
			buildConfigurationList = 0446688524C96B8C00C3F4AC /* Build configuration list for PBXProject "ToDoFire" */;
			compatibilityVersion = "Xcode 9.3";
			developmentRegion = en;
			hasScannedForEncodings = 0;
			knownRegions = (
				en,
				Base,
			);
			mainGroup = 0446688124C96B8C00C3F4AC;
			productRefGroup = 0446688B24C96B8C00C3F4AC /* Products */;
			projectDirPath = "";
			projectRoot = "";
			targets = (
				0446688924C96B8C00C3F4AC /* ToDoFire */,
			);
		};
/* End PBXProject section */

/* Begin PBXResourcesBuildPhase section */
		0446688824C96B8C00C3F4AC /* Resources */ = {
			isa = PBXResourcesBuildPhase;
			buildActionMask = 2147483647;
			files = (
				0446689A24C96B8F00C3F4AC /* LaunchScreen.storyboard in Resources */,
				044668AA24C97AB600C3F4AC /* GoogleService-Info.plist in Resources */,
				0446689724C96B8F00C3F4AC /* Assets.xcassets in Resources */,
				0446689524C96B8C00C3F4AC /* Main.storyboard in Resources */,
			);
			runOnlyForDeploymentPostprocessing = 0;
		};
/* End PBXResourcesBuildPhase section */

/* Begin PBXShellScriptBuildPhase section */
		4D234907BDEDE39AE9E670E8 /* [CP] Check Pods Manifest.lock */ = {
			isa = PBXShellScriptBuildPhase;
			buildActionMask = 2147483647;
			files = (
			);
			inputFileListPaths = (
			);
			inputPaths = (
				"${PODS_PODFILE_DIR_PATH}/Podfile.lock",
				"${PODS_ROOT}/Manifest.lock",
			);
			name = "[CP] Check Pods Manifest.lock";
			outputFileListPaths = (
			);
			outputPaths = (
				"$(DERIVED_FILE_DIR)/Pods-ToDoFire-checkManifestLockResult.txt",
			);
			runOnlyForDeploymentPostprocessing = 0;
			shellPath = /bin/sh;
			shellScript = "diff \"${PODS_PODFILE_DIR_PATH}/Podfile.lock\" \"${PODS_ROOT}/Manifest.lock\" > /dev/null\nif [ $? != 0 ] ; then\n    # print error to STDERR\n    echo \"error: The sandbox is not in sync with the Podfile.lock. Run 'pod install' or update your CocoaPods installation.\" >&2\n    exit 1\nfi\n# This output is used by Xcode 'outputs' to avoid re-running this script phase.\necho \"SUCCESS\" > \"${SCRIPT_OUTPUT_FILE_0}\"\n";
			showEnvVarsInLog = 0;
		};
		B870D6E19B4208E5AF69D15E /* [CP] Embed Pods Frameworks */ = {
			isa = PBXShellScriptBuildPhase;
			buildActionMask = 2147483647;
			files = (
			);
			inputFileListPaths = (
				"${PODS_ROOT}/Target Support Files/Pods-ToDoFire/Pods-ToDoFire-frameworks-${CONFIGURATION}-input-files.xcfilelist",
			);
			name = "[CP] Embed Pods Frameworks";
			outputFileListPaths = (
				"${PODS_ROOT}/Target Support Files/Pods-ToDoFire/Pods-ToDoFire-frameworks-${CONFIGURATION}-output-files.xcfilelist",
			);
			runOnlyForDeploymentPostprocessing = 0;
			shellPath = /bin/sh;
			shellScript = "\"${PODS_ROOT}/Target Support Files/Pods-ToDoFire/Pods-ToDoFire-frameworks.sh\"\n";
			showEnvVarsInLog = 0;
		};
/* End PBXShellScriptBuildPhase section */

/* Begin PBXSourcesBuildPhase section */
		0446688624C96B8C00C3F4AC /* Sources */ = {
			isa = PBXSourcesBuildPhase;
			buildActionMask = 2147483647;
			files = (
				044668AC24C9EF5A00C3F4AC /* Task.swift in Sources */,
				0446689224C96B8C00C3F4AC /* LoginViewController.swift in Sources */,
				044668A424C9727E00C3F4AC /* TasksViewController.swift in Sources */,
				044668AE24C9EF6200C3F4AC /* User.swift in Sources */,
				0446688E24C96B8C00C3F4AC /* AppDelegate.swift in Sources */,
			);
			runOnlyForDeploymentPostprocessing = 0;
		};
/* End PBXSourcesBuildPhase section */

/* Begin PBXVariantGroup section */
		0446689324C96B8C00C3F4AC /* Main.storyboard */ = {
			isa = PBXVariantGroup;
			children = (
				0446689424C96B8C00C3F4AC /* Base */,
			);
			name = Main.storyboard;
			sourceTree = "<group>";
		};
		0446689824C96B8F00C3F4AC /* LaunchScreen.storyboard */ = {
			isa = PBXVariantGroup;
			children = (
				0446689924C96B8F00C3F4AC /* Base */,
			);
			name = LaunchScreen.storyboard;
			sourceTree = "<group>";
		};
/* End PBXVariantGroup section */

/* Begin XCBuildConfiguration section */
		0446689C24C96B8F00C3F4AC /* Debug */ = {
			isa = XCBuildConfiguration;
			buildSettings = {
				ALWAYS_SEARCH_USER_PATHS = NO;
				CLANG_ANALYZER_NONNULL = YES;
				CLANG_ANALYZER_NUMBER_OBJECT_CONVERSION = YES_AGGRESSIVE;
				CLANG_CXX_LANGUAGE_STANDARD = "gnu++14";
				CLANG_CXX_LIBRARY = "libc++";
				CLANG_ENABLE_MODULES = YES;
				CLANG_ENABLE_OBJC_ARC = YES;
				CLANG_ENABLE_OBJC_WEAK = YES;
				CLANG_WARN_BLOCK_CAPTURE_AUTORELEASING = YES;
				CLANG_WARN_BOOL_CONVERSION = YES;
				CLANG_WARN_COMMA = YES;
				CLANG_WARN_CONSTANT_CONVERSION = YES;
				CLANG_WARN_DEPRECATED_OBJC_IMPLEMENTATIONS = YES;
				CLANG_WARN_DIRECT_OBJC_ISA_USAGE = YES_ERROR;
				CLANG_WARN_DOCUMENTATION_COMMENTS = YES;
				CLANG_WARN_EMPTY_BODY = YES;
				CLANG_WARN_ENUM_CONVERSION = YES;
				CLANG_WARN_INFINITE_RECURSION = YES;
				CLANG_WARN_INT_CONVERSION = YES;
				CLANG_WARN_NON_LITERAL_NULL_CONVERSION = YES;
				CLANG_WARN_OBJC_IMPLICIT_RETAIN_SELF = YES;
				CLANG_WARN_OBJC_LITERAL_CONVERSION = YES;
				CLANG_WARN_OBJC_ROOT_CLASS = YES_ERROR;
				CLANG_WARN_RANGE_LOOP_ANALYSIS = YES;
				CLANG_WARN_STRICT_PROTOTYPES = YES;
				CLANG_WARN_SUSPICIOUS_MOVE = YES;
				CLANG_WARN_UNGUARDED_AVAILABILITY = YES_AGGRESSIVE;
				CLANG_WARN_UNREACHABLE_CODE = YES;
				CLANG_WARN__DUPLICATE_METHOD_MATCH = YES;
				COPY_PHASE_STRIP = NO;
				DEBUG_INFORMATION_FORMAT = dwarf;
				ENABLE_STRICT_OBJC_MSGSEND = YES;
				ENABLE_TESTABILITY = YES;
				GCC_C_LANGUAGE_STANDARD = gnu11;
				GCC_DYNAMIC_NO_PIC = NO;
				GCC_NO_COMMON_BLOCKS = YES;
				GCC_OPTIMIZATION_LEVEL = 0;
				GCC_PREPROCESSOR_DEFINITIONS = (
					"DEBUG=1",
					"$(inherited)",
				);
				GCC_WARN_64_TO_32_BIT_CONVERSION = YES;
				GCC_WARN_ABOUT_RETURN_TYPE = YES_ERROR;
				GCC_WARN_UNDECLARED_SELECTOR = YES;
				GCC_WARN_UNINITIALIZED_AUTOS = YES_AGGRESSIVE;
				GCC_WARN_UNUSED_FUNCTION = YES;
				GCC_WARN_UNUSED_VARIABLE = YES;
				IPHONEOS_DEPLOYMENT_TARGET = 13.6;
				MTL_ENABLE_DEBUG_INFO = INCLUDE_SOURCE;
				MTL_FAST_MATH = YES;
				ONLY_ACTIVE_ARCH = YES;
				SDKROOT = iphoneos;
				SWIFT_ACTIVE_COMPILATION_CONDITIONS = DEBUG;
				SWIFT_OPTIMIZATION_LEVEL = "-Onone";
			};
			name = Debug;
		};
		0446689D24C96B8F00C3F4AC /* Release */ = {
			isa = XCBuildConfiguration;
			buildSettings = {
				ALWAYS_SEARCH_USER_PATHS = NO;
				CLANG_ANALYZER_NONNULL = YES;
				CLANG_ANALYZER_NUMBER_OBJECT_CONVERSION = YES_AGGRESSIVE;
				CLANG_CXX_LANGUAGE_STANDARD = "gnu++14";
				CLANG_CXX_LIBRARY = "libc++";
				CLANG_ENABLE_MODULES = YES;
				CLANG_ENABLE_OBJC_ARC = YES;
				CLANG_ENABLE_OBJC_WEAK = YES;
				CLANG_WARN_BLOCK_CAPTURE_AUTORELEASING = YES;
				CLANG_WARN_BOOL_CONVERSION = YES;
				CLANG_WARN_COMMA = YES;
				CLANG_WARN_CONSTANT_CONVERSION = YES;
				CLANG_WARN_DEPRECATED_OBJC_IMPLEMENTATIONS = YES;
				CLANG_WARN_DIRECT_OBJC_ISA_USAGE = YES_ERROR;
				CLANG_WARN_DOCUMENTATION_COMMENTS = YES;
				CLANG_WARN_EMPTY_BODY = YES;
				CLANG_WARN_ENUM_CONVERSION = YES;
				CLANG_WARN_INFINITE_RECURSION = YES;
				CLANG_WARN_INT_CONVERSION = YES;
				CLANG_WARN_NON_LITERAL_NULL_CONVERSION = YES;
				CLANG_WARN_OBJC_IMPLICIT_RETAIN_SELF = YES;
				CLANG_WARN_OBJC_LITERAL_CONVERSION = YES;
				CLANG_WARN_OBJC_ROOT_CLASS = YES_ERROR;
				CLANG_WARN_RANGE_LOOP_ANALYSIS = YES;
				CLANG_WARN_STRICT_PROTOTYPES = YES;
				CLANG_WARN_SUSPICIOUS_MOVE = YES;
				CLANG_WARN_UNGUARDED_AVAILABILITY = YES_AGGRESSIVE;
				CLANG_WARN_UNREACHABLE_CODE = YES;
				CLANG_WARN__DUPLICATE_METHOD_MATCH = YES;
				COPY_PHASE_STRIP = NO;
				DEBUG_INFORMATION_FORMAT = "dwarf-with-dsym";
				ENABLE_NS_ASSERTIONS = NO;
				ENABLE_STRICT_OBJC_MSGSEND = YES;
				GCC_C_LANGUAGE_STANDARD = gnu11;
				GCC_NO_COMMON_BLOCKS = YES;
				GCC_WARN_64_TO_32_BIT_CONVERSION = YES;
				GCC_WARN_ABOUT_RETURN_TYPE = YES_ERROR;
				GCC_WARN_UNDECLARED_SELECTOR = YES;
				GCC_WARN_UNINITIALIZED_AUTOS = YES_AGGRESSIVE;
				GCC_WARN_UNUSED_FUNCTION = YES;
				GCC_WARN_UNUSED_VARIABLE = YES;
				IPHONEOS_DEPLOYMENT_TARGET = 13.6;
				MTL_ENABLE_DEBUG_INFO = NO;
				MTL_FAST_MATH = YES;
				SDKROOT = iphoneos;
				SWIFT_COMPILATION_MODE = wholemodule;
				SWIFT_OPTIMIZATION_LEVEL = "-O";
				VALIDATE_PRODUCT = YES;
			};
			name = Release;
		};
		0446689F24C96B8F00C3F4AC /* Debug */ = {
			isa = XCBuildConfiguration;
			baseConfigurationReference = E129F65B3F11CB3C7CF1DC3D /* Pods-ToDoFire.debug.xcconfig */;
			buildSettings = {
				ASSETCATALOG_COMPILER_APPICON_NAME = AppIcon;
				CODE_SIGN_STYLE = Automatic;
				DEVELOPMENT_TEAM = SY7683D43P;
				INFOPLIST_FILE = ToDoFire/SupportingFiles/Info.plist;
				IPHONEOS_DEPLOYMENT_TARGET = 12.0;
				LD_RUNPATH_SEARCH_PATHS = (
					"$(inherited)",
					"@executable_path/Frameworks",
				);
				PRODUCT_BUNDLE_IDENTIFIER = com.balabon.ToDoFire;
				PRODUCT_NAME = "$(TARGET_NAME)";
				SWIFT_VERSION = 5.0;
				TARGETED_DEVICE_FAMILY = "1,2";
			};
			name = Debug;
		};
		044668A024C96B8F00C3F4AC /* Release */ = {
			isa = XCBuildConfiguration;
			baseConfigurationReference = C75BB4A999950BD1E584C147 /* Pods-ToDoFire.release.xcconfig */;
			buildSettings = {
				ASSETCATALOG_COMPILER_APPICON_NAME = AppIcon;
				CODE_SIGN_STYLE = Automatic;
				DEVELOPMENT_TEAM = SY7683D43P;
				INFOPLIST_FILE = ToDoFire/SupportingFiles/Info.plist;
				IPHONEOS_DEPLOYMENT_TARGET = 12.0;
				LD_RUNPATH_SEARCH_PATHS = (
					"$(inherited)",
					"@executable_path/Frameworks",
				);
				PRODUCT_BUNDLE_IDENTIFIER = com.balabon.ToDoFire;
				PRODUCT_NAME = "$(TARGET_NAME)";
				SWIFT_VERSION = 5.0;
				TARGETED_DEVICE_FAMILY = "1,2";
			};
			name = Release;
		};
/* End XCBuildConfiguration section */

/* Begin XCConfigurationList section */
		0446688524C96B8C00C3F4AC /* Build configuration list for PBXProject "ToDoFire" */ = {
			isa = XCConfigurationList;
			buildConfigurations = (
				0446689C24C96B8F00C3F4AC /* Debug */,
				0446689D24C96B8F00C3F4AC /* Release */,
			);
			defaultConfigurationIsVisible = 0;
			defaultConfigurationName = Release;
		};
		0446689E24C96B8F00C3F4AC /* Build configuration list for PBXNativeTarget "ToDoFire" */ = {
			isa = XCConfigurationList;
			buildConfigurations = (
				0446689F24C96B8F00C3F4AC /* Debug */,
				044668A024C96B8F00C3F4AC /* Release */,
			);
			defaultConfigurationIsVisible = 0;
			defaultConfigurationName = Release;
		};
/* End XCConfigurationList section */
	};
	rootObject = 0446688224C96B8C00C3F4AC /* Project object */;
}
